
Microsoft Visual Studio Solution File, Format Version 12.00
# Visual Studio Version 16
VisualStudioVersion = 16.0.33027.164
MinimumVisualStudioVersion = 10.0.40219.1
Project("{FAE04EC0-301F-11D3-BF4B-00C04F79EFBC}") = "LCModdingTutorial", "LCModdingTutorial.csproj", "{352AED54-B375-435E-B627-3DA4303D4631}"
EndProject
Global
	GlobalSection(SolutionConfigurationPlatforms) = preSolution
		Debug|Any CPU = Debug|Any CPU
		Release|Any CPU = Release|Any CPU
	EndGlobalSection
	GlobalSection(ProjectConfigurationPlatforms) = postSolution
		{352AED54-B375-435E-B627-3DA4303D4631}.Debug|Any CPU.ActiveCfg = Debug|Any CPU
		{352AED54-B375-435E-B627-3DA4303D4631}.Debug|Any CPU.Build.0 = Debug|Any CPU
		{352AED54-B375-435E-B627-3DA4303D4631}.Release|Any CPU.ActiveCfg = Release|Any CPU
		{352AED54-B375-435E-B627-3DA4303D4631}.Release|Any CPU.Build.0 = Release|Any CPU
	EndGlobalSection
	GlobalSection(SolutionProperties) = preSolution
		HideSolutionNode = FALSE
	EndGlobalSection
	GlobalSection(ExtensibilityGlobals) = postSolution
		SolutionGuid = {2A841839-8AF2-4212-BB05-5C6B07A196C2}
	EndGlobalSection
EndGlobal
